// !$*UTF8*$!
{
	archiveVersion = 1;
	classes = {
	};
	objectVersion = 55;
	objects = {

/* Begin PBXBuildFile section */
		8E0EDBC4284CED3B000C5C82 /* OrderViewModelTests.swift in Sources */ = {isa = PBXBuildFile; fileRef = 8E0EDBC3284CED3B000C5C82 /* OrderViewModelTests.swift */; };
		8E19FA96282F74C200C051B6 /* Webservice.swift in Sources */ = {isa = PBXBuildFile; fileRef = 8E19FA95282F74C200C051B6 /* Webservice.swift */; };
		8E19FA99282F7A3B00C051B6 /* Order.swift in Sources */ = {isa = PBXBuildFile; fileRef = 8E19FA98282F7A3B00C051B6 /* Order.swift */; };
		8E19FA9C282F7D1900C051B6 /* OrderViewModel.swift in Sources */ = {isa = PBXBuildFile; fileRef = 8E19FA9B282F7D1900C051B6 /* OrderViewModel.swift */; };
		8E19FA9E282F81CE00C051B6 /* AddCoffeeOrderViewModel.swift in Sources */ = {isa = PBXBuildFile; fileRef = 8E19FA9D282F81CE00C051B6 /* AddCoffeeOrderViewModel.swift */; };
		8EB48756282F6C9E00270CF6 /* AppDelegate.swift in Sources */ = {isa = PBXBuildFile; fileRef = 8EB48755282F6C9E00270CF6 /* AppDelegate.swift */; };
		8EB48758282F6C9E00270CF6 /* SceneDelegate.swift in Sources */ = {isa = PBXBuildFile; fileRef = 8EB48757282F6C9E00270CF6 /* SceneDelegate.swift */; };
		8EB4875D282F6C9E00270CF6 /* Main.storyboard in Resources */ = {isa = PBXBuildFile; fileRef = 8EB4875B282F6C9E00270CF6 /* Main.storyboard */; };
		8EB4875F282F6CA700270CF6 /* Assets.xcassets in Resources */ = {isa = PBXBuildFile; fileRef = 8EB4875E282F6CA700270CF6 /* Assets.xcassets */; };
		8EB48762282F6CA700270CF6 /* LaunchScreen.storyboard in Resources */ = {isa = PBXBuildFile; fileRef = 8EB48760282F6CA700270CF6 /* LaunchScreen.storyboard */; };
		8EB4876D282F6CA700270CF6 /* HotCoffeeTests.swift in Sources */ = {isa = PBXBuildFile; fileRef = 8EB4876C282F6CA700270CF6 /* HotCoffeeTests.swift */; };
		8EB48777282F6CA800270CF6 /* HotCoffeeUITests.swift in Sources */ = {isa = PBXBuildFile; fileRef = 8EB48776282F6CA800270CF6 /* HotCoffeeUITests.swift */; };
		8EB48779282F6CA800270CF6 /* HotCoffeeUITestsLaunchTests.swift in Sources */ = {isa = PBXBuildFile; fileRef = 8EB48778282F6CA800270CF6 /* HotCoffeeUITestsLaunchTests.swift */; };
		8EB48787282F6ED600270CF6 /* OrdersTableViewController.swift in Sources */ = {isa = PBXBuildFile; fileRef = 8EB48786282F6ED600270CF6 /* OrdersTableViewController.swift */; };
		8EB48789282F6F0900270CF6 /* AddOrderViewController.swift in Sources */ = {isa = PBXBuildFile; fileRef = 8EB48788282F6F0900270CF6 /* AddOrderViewController.swift */; };
/* End PBXBuildFile section */

/* Begin PBXContainerItemProxy section */
		8EB48769282F6CA700270CF6 /* PBXContainerItemProxy */ = {
			isa = PBXContainerItemProxy;
			containerPortal = 8EB4874A282F6C9E00270CF6 /* Project object */;
			proxyType = 1;
			remoteGlobalIDString = 8EB48751282F6C9E00270CF6;
			remoteInfo = HotCoffee;
		};
		8EB48773282F6CA800270CF6 /* PBXContainerItemProxy */ = {
			isa = PBXContainerItemProxy;
			containerPortal = 8EB4874A282F6C9E00270CF6 /* Project object */;
			proxyType = 1;
			remoteGlobalIDString = 8EB48751282F6C9E00270CF6;
			remoteInfo = HotCoffee;
		};
/* End PBXContainerItemProxy section */

/* Begin PBXFileReference section */
		8E0EDBC3284CED3B000C5C82 /* OrderViewModelTests.swift */ = {isa = PBXFileReference; lastKnownFileType = sourcecode.swift; path = OrderViewModelTests.swift; sourceTree = "<group>"; };
		8E19FA95282F74C200C051B6 /* Webservice.swift */ = {isa = PBXFileReference; lastKnownFileType = sourcecode.swift; path = Webservice.swift; sourceTree = "<group>"; };
		8E19FA98282F7A3B00C051B6 /* Order.swift */ = {isa = PBXFileReference; lastKnownFileType = sourcecode.swift; path = Order.swift; sourceTree = "<group>"; };
		8E19FA9B282F7D1900C051B6 /* OrderViewModel.swift */ = {isa = PBXFileReference; lastKnownFileType = sourcecode.swift; path = OrderViewModel.swift; sourceTree = "<group>"; };
		8E19FA9D282F81CE00C051B6 /* AddCoffeeOrderViewModel.swift */ = {isa = PBXFileReference; lastKnownFileType = sourcecode.swift; path = AddCoffeeOrderViewModel.swift; sourceTree = "<group>"; };
		8EB48752282F6C9E00270CF6 /* HotCoffee.app */ = {isa = PBXFileReference; explicitFileType = wrapper.application; includeInIndex = 0; path = HotCoffee.app; sourceTree = BUILT_PRODUCTS_DIR; };
		8EB48755282F6C9E00270CF6 /* AppDelegate.swift */ = {isa = PBXFileReference; lastKnownFileType = sourcecode.swift; path = AppDelegate.swift; sourceTree = "<group>"; };
		8EB48757282F6C9E00270CF6 /* SceneDelegate.swift */ = {isa = PBXFileReference; lastKnownFileType = sourcecode.swift; path = SceneDelegate.swift; sourceTree = "<group>"; };
		8EB4875C282F6C9E00270CF6 /* Base */ = {isa = PBXFileReference; lastKnownFileType = file.storyboard; name = Base; path = Base.lproj/Main.storyboard; sourceTree = "<group>"; };
		8EB4875E282F6CA700270CF6 /* Assets.xcassets */ = {isa = PBXFileReference; lastKnownFileType = folder.assetcatalog; path = Assets.xcassets; sourceTree = "<group>"; };
		8EB48761282F6CA700270CF6 /* Base */ = {isa = PBXFileReference; lastKnownFileType = file.storyboard; name = Base; path = Base.lproj/LaunchScreen.storyboard; sourceTree = "<group>"; };
		8EB48763282F6CA700270CF6 /* Info.plist */ = {isa = PBXFileReference; lastKnownFileType = text.plist.xml; path = Info.plist; sourceTree = "<group>"; };
		8EB48768282F6CA700270CF6 /* HotCoffeeTests.xctest */ = {isa = PBXFileReference; explicitFileType = wrapper.cfbundle; includeInIndex = 0; path = HotCoffeeTests.xctest; sourceTree = BUILT_PRODUCTS_DIR; };
		8EB4876C282F6CA700270CF6 /* HotCoffeeTests.swift */ = {isa = PBXFileReference; lastKnownFileType = sourcecode.swift; path = HotCoffeeTests.swift; sourceTree = "<group>"; };
		8EB48772282F6CA800270CF6 /* HotCoffeeUITests.xctest */ = {isa = PBXFileReference; explicitFileType = wrapper.cfbundle; includeInIndex = 0; path = HotCoffeeUITests.xctest; sourceTree = BUILT_PRODUCTS_DIR; };
		8EB48776282F6CA800270CF6 /* HotCoffeeUITests.swift */ = {isa = PBXFileReference; lastKnownFileType = sourcecode.swift; path = HotCoffeeUITests.swift; sourceTree = "<group>"; };
		8EB48778282F6CA800270CF6 /* HotCoffeeUITestsLaunchTests.swift */ = {isa = PBXFileReference; lastKnownFileType = sourcecode.swift; path = HotCoffeeUITestsLaunchTests.swift; sourceTree = "<group>"; };
		8EB48786282F6ED600270CF6 /* OrdersTableViewController.swift */ = {isa = PBXFileReference; lastKnownFileType = sourcecode.swift; path = OrdersTableViewController.swift; sourceTree = "<group>"; };
		8EB48788282F6F0900270CF6 /* AddOrderViewController.swift */ = {isa = PBXFileReference; lastKnownFileType = sourcecode.swift; path = AddOrderViewController.swift; sourceTree = "<group>"; };
/* End PBXFileReference section */

/* Begin PBXFrameworksBuildPhase section */
		8EB4874F282F6C9E00270CF6 /* Frameworks */ = {
			isa = PBXFrameworksBuildPhase;
			buildActionMask = 2147483647;
			files = (
			);
			runOnlyForDeploymentPostprocessing = 0;
		};
		8EB48765282F6CA700270CF6 /* Frameworks */ = {
			isa = PBXFrameworksBuildPhase;
			buildActionMask = 2147483647;
			files = (
			);
			runOnlyForDeploymentPostprocessing = 0;
		};
		8EB4876F282F6CA800270CF6 /* Frameworks */ = {
			isa = PBXFrameworksBuildPhase;
			buildActionMask = 2147483647;
			files = (
			);
			runOnlyForDeploymentPostprocessing = 0;
		};
/* End PBXFrameworksBuildPhase section */

/* Begin PBXGroup section */
		8E19FA94282F74AC00C051B6 /* Services */ = {
			isa = PBXGroup;
			children = (
				8E19FA95282F74C200C051B6 /* Webservice.swift */,
			);
			path = Services;
			sourceTree = "<group>";
		};
		8E19FA97282F7A2B00C051B6 /* Models */ = {
			isa = PBXGroup;
			children = (
				8E19FA98282F7A3B00C051B6 /* Order.swift */,
			);
			path = Models;
			sourceTree = "<group>";
		};
		8E19FA9A282F7CF800C051B6 /* ViewModels */ = {
			isa = PBXGroup;
			children = (
				8E19FA9B282F7D1900C051B6 /* OrderViewModel.swift */,
				8E19FA9D282F81CE00C051B6 /* AddCoffeeOrderViewModel.swift */,
			);
			path = ViewModels;
			sourceTree = "<group>";
		};
		8EB48749282F6C9E00270CF6 = {
			isa = PBXGroup;
			children = (
				8EB48754282F6C9E00270CF6 /* HotCoffee */,
				8EB4876B282F6CA700270CF6 /* HotCoffeeTests */,
				8EB48775282F6CA800270CF6 /* HotCoffeeUITests */,
				8EB48753282F6C9E00270CF6 /* Products */,
			);
			sourceTree = "<group>";
		};
		8EB48753282F6C9E00270CF6 /* Products */ = {
			isa = PBXGroup;
			children = (
				8EB48752282F6C9E00270CF6 /* HotCoffee.app */,
				8EB48768282F6CA700270CF6 /* HotCoffeeTests.xctest */,
				8EB48772282F6CA800270CF6 /* HotCoffeeUITests.xctest */,
			);
			name = Products;
			sourceTree = "<group>";
		};
		8EB48754282F6C9E00270CF6 /* HotCoffee */ = {
			isa = PBXGroup;
			children = (
				8E19FA9A282F7CF800C051B6 /* ViewModels */,
				8E19FA97282F7A2B00C051B6 /* Models */,
				8E19FA94282F74AC00C051B6 /* Services */,
				8EB48785282F6CEB00270CF6 /* Controllers */,
				8EB48755282F6C9E00270CF6 /* AppDelegate.swift */,
				8EB48757282F6C9E00270CF6 /* SceneDelegate.swift */,
				8EB4875B282F6C9E00270CF6 /* Main.storyboard */,
				8EB4875E282F6CA700270CF6 /* Assets.xcassets */,
				8EB48760282F6CA700270CF6 /* LaunchScreen.storyboard */,
				8EB48763282F6CA700270CF6 /* Info.plist */,
			);
			path = HotCoffee;
			sourceTree = "<group>";
		};
		8EB4876B282F6CA700270CF6 /* HotCoffeeTests */ = {
			isa = PBXGroup;
			children = (
				8EB4876C282F6CA700270CF6 /* HotCoffeeTests.swift */,
				8E0EDBC3284CED3B000C5C82 /* OrderViewModelTests.swift */,
			);
			path = HotCoffeeTests;
			sourceTree = "<group>";
		};
		8EB48775282F6CA800270CF6 /* HotCoffeeUITests */ = {
			isa = PBXGroup;
			children = (
				8EB48776282F6CA800270CF6 /* HotCoffeeUITests.swift */,
				8EB48778282F6CA800270CF6 /* HotCoffeeUITestsLaunchTests.swift */,
			);
			path = HotCoffeeUITests;
			sourceTree = "<group>";
		};
		8EB48785282F6CEB00270CF6 /* Controllers */ = {
			isa = PBXGroup;
			children = (
				8EB48786282F6ED600270CF6 /* OrdersTableViewController.swift */,
				8EB48788282F6F0900270CF6 /* AddOrderViewController.swift */,
			);
			path = Controllers;
			sourceTree = "<group>";
		};
/* End PBXGroup section */

/* Begin PBXNativeTarget section */
		8EB48751282F6C9E00270CF6 /* HotCoffee */ = {
			isa = PBXNativeTarget;
			buildConfigurationList = 8EB4877C282F6CA800270CF6 /* Build configuration list for PBXNativeTarget "HotCoffee" */;
			buildPhases = (
				8EB4874E282F6C9E00270CF6 /* Sources */,
				8EB4874F282F6C9E00270CF6 /* Frameworks */,
				8EB48750282F6C9E00270CF6 /* Resources */,
			);
			buildRules = (
			);
			dependencies = (
			);
			name = HotCoffee;
			productName = HotCoffee;
			productReference = 8EB48752282F6C9E00270CF6 /* HotCoffee.app */;
			productType = "com.apple.product-type.application";
		};
		8EB48767282F6CA700270CF6 /* HotCoffeeTests */ = {
			isa = PBXNativeTarget;
			buildConfigurationList = 8EB4877F282F6CA800270CF6 /* Build configuration list for PBXNativeTarget "HotCoffeeTests" */;
			buildPhases = (
				8EB48764282F6CA700270CF6 /* Sources */,
				8EB48765282F6CA700270CF6 /* Frameworks */,
				8EB48766282F6CA700270CF6 /* Resources */,
			);
			buildRules = (
			);
			dependencies = (
				8EB4876A282F6CA700270CF6 /* PBXTargetDependency */,
			);
			name = HotCoffeeTests;
			productName = HotCoffeeTests;
			productReference = 8EB48768282F6CA700270CF6 /* HotCoffeeTests.xctest */;
			productType = "com.apple.product-type.bundle.unit-test";
		};
		8EB48771282F6CA800270CF6 /* HotCoffeeUITests */ = {
			isa = PBXNativeTarget;
			buildConfigurationList = 8EB48782282F6CA800270CF6 /* Build configuration list for PBXNativeTarget "HotCoffeeUITests" */;
			buildPhases = (
				8EB4876E282F6CA800270CF6 /* Sources */,
				8EB4876F282F6CA800270CF6 /* Frameworks */,
				8EB48770282F6CA800270CF6 /* Resources */,
			);
			buildRules = (
			);
			dependencies = (
				8EB48774282F6CA800270CF6 /* PBXTargetDependency */,
			);
			name = HotCoffeeUITests;
			productName = HotCoffeeUITests;
			productReference = 8EB48772282F6CA800270CF6 /* HotCoffeeUITests.xctest */;
			productType = "com.apple.product-type.bundle.ui-testing";
		};
/* End PBXNativeTarget section */

/* Begin PBXProject section */
		8EB4874A282F6C9E00270CF6 /* Project object */ = {
			isa = PBXProject;
			attributes = {
				BuildIndependentTargetsInParallel = 1;
				LastSwiftUpdateCheck = 1310;
				LastUpgradeCheck = 1310;
				TargetAttributes = {
					8EB48751282F6C9E00270CF6 = {
						CreatedOnToolsVersion = 13.1;
					};
					8EB48767282F6CA700270CF6 = {
						CreatedOnToolsVersion = 13.1;
						TestTargetID = 8EB48751282F6C9E00270CF6;
					};
					8EB48771282F6CA800270CF6 = {
						CreatedOnToolsVersion = 13.1;
						TestTargetID = 8EB48751282F6C9E00270CF6;
					};
				};
			};
			buildConfigurationList = 8EB4874D282F6C9E00270CF6 /* Build configuration list for PBXProject "HotCoffee" */;
			compatibilityVersion = "Xcode 13.0";
			developmentRegion = en;
			hasScannedForEncodings = 0;
			knownRegions = (
				en,
				Base,
			);
			mainGroup = 8EB48749282F6C9E00270CF6;
			productRefGroup = 8EB48753282F6C9E00270CF6 /* Products */;
			projectDirPath = "";
			projectRoot = "";
			targets = (
				8EB48751282F6C9E00270CF6 /* HotCoffee */,
				8EB48767282F6CA700270CF6 /* HotCoffeeTests */,
				8EB48771282F6CA800270CF6 /* HotCoffeeUITests */,
			);
		};
/* End PBXProject section */

/* Begin PBXResourcesBuildPhase section */
		8EB48750282F6C9E00270CF6 /* Resources */ = {
			isa = PBXResourcesBuildPhase;
			buildActionMask = 2147483647;
			files = (
				8EB48762282F6CA700270CF6 /* LaunchScreen.storyboard in Resources */,
				8EB4875F282F6CA700270CF6 /* Assets.xcassets in Resources */,
				8EB4875D282F6C9E00270CF6 /* Main.storyboard in Resources */,
			);
			runOnlyForDeploymentPostprocessing = 0;
		};
		8EB48766282F6CA700270CF6 /* Resources */ = {
			isa = PBXResourcesBuildPhase;
			buildActionMask = 2147483647;
			files = (
			);
			runOnlyForDeploymentPostprocessing = 0;
		};
		8EB48770282F6CA800270CF6 /* Resources */ = {
			isa = PBXResourcesBuildPhase;
			buildActionMask = 2147483647;
			files = (
			);
			runOnlyForDeploymentPostprocessing = 0;
		};
/* End PBXResourcesBuildPhase section */

/* Begin PBXSourcesBuildPhase section */
		8EB4874E282F6C9E00270CF6 /* Sources */ = {
			isa = PBXSourcesBuildPhase;
			buildActionMask = 2147483647;
			files = (
				8E19FA99282F7A3B00C051B6 /* Order.swift in Sources */,
				8E19FA9E282F81CE00C051B6 /* AddCoffeeOrderViewModel.swift in Sources */,
				8EB48756282F6C9E00270CF6 /* AppDelegate.swift in Sources */,
				8EB48758282F6C9E00270CF6 /* SceneDelegate.swift in Sources */,
				8EB48787282F6ED600270CF6 /* OrdersTableViewController.swift in Sources */,
				8E19FA96282F74C200C051B6 /* Webservice.swift in Sources */,
				8E19FA9C282F7D1900C051B6 /* OrderViewModel.swift in Sources */,
				8EB48789282F6F0900270CF6 /* AddOrderViewController.swift in Sources */,
			);
			runOnlyForDeploymentPostprocessing = 0;
		};
		8EB48764282F6CA700270CF6 /* Sources */ = {
			isa = PBXSourcesBuildPhase;
			buildActionMask = 2147483647;
			files = (
				8EB4876D282F6CA700270CF6 /* HotCoffeeTests.swift in Sources */,
				8E0EDBC4284CED3B000C5C82 /* OrderViewModelTests.swift in Sources */,
			);
			runOnlyForDeploymentPostprocessing = 0;
		};
		8EB4876E282F6CA800270CF6 /* Sources */ = {
			isa = PBXSourcesBuildPhase;
			buildActionMask = 2147483647;
			files = (
				8EB48779282F6CA800270CF6 /* HotCoffeeUITestsLaunchTests.swift in Sources */,
				8EB48777282F6CA800270CF6 /* HotCoffeeUITests.swift in Sources */,
			);
			runOnlyForDeploymentPostprocessing = 0;
		};
/* End PBXSourcesBuildPhase section */

/* Begin PBXTargetDependency section */
		8EB4876A282F6CA700270CF6 /* PBXTargetDependency */ = {
			isa = PBXTargetDependency;
			target = 8EB48751282F6C9E00270CF6 /* HotCoffee */;
			targetProxy = 8EB48769282F6CA700270CF6 /* PBXContainerItemProxy */;
		};
		8EB48774282F6CA800270CF6 /* PBXTargetDependency */ = {
			isa = PBXTargetDependency;
			target = 8EB48751282F6C9E00270CF6 /* HotCoffee */;
			targetProxy = 8EB48773282F6CA800270CF6 /* PBXContainerItemProxy */;
		};
/* End PBXTargetDependency section */

/* Begin PBXVariantGroup section */
		8EB4875B282F6C9E00270CF6 /* Main.storyboard */ = {
			isa = PBXVariantGroup;
			children = (
				8EB4875C282F6C9E00270CF6 /* Base */,
			);
			name = Main.storyboard;
			sourceTree = "<group>";
		};
		8EB48760282F6CA700270CF6 /* LaunchScreen.storyboard */ = {
			isa = PBXVariantGroup;
			children = (
				8EB48761282F6CA700270CF6 /* Base */,
			);
			name = LaunchScreen.storyboard;
			sourceTree = "<group>";
		};
/* End PBXVariantGroup section */

/* Begin XCBuildConfiguration section */
		8EB4877A282F6CA800270CF6 /* Debug */ = {
			isa = XCBuildConfiguration;
			buildSettings = {
				ALWAYS_SEARCH_USER_PATHS = NO;
				CLANG_ANALYZER_NONNULL = YES;
				CLANG_ANALYZER_NUMBER_OBJECT_CONVERSION = YES_AGGRESSIVE;
				CLANG_CXX_LANGUAGE_STANDARD = "gnu++17";
				CLANG_CXX_LIBRARY = "libc++";
				CLANG_ENABLE_MODULES = YES;
				CLANG_ENABLE_OBJC_ARC = YES;
				CLANG_ENABLE_OBJC_WEAK = YES;
				CLANG_WARN_BLOCK_CAPTURE_AUTORELEASING = YES;
				CLANG_WARN_BOOL_CONVERSION = YES;
				CLANG_WARN_COMMA = YES;
				CLANG_WARN_CONSTANT_CONVERSION = YES;
				CLANG_WARN_DEPRECATED_OBJC_IMPLEMENTATIONS = YES;
				CLANG_WARN_DIRECT_OBJC_ISA_USAGE = YES_ERROR;
				CLANG_WARN_DOCUMENTATION_COMMENTS = YES;
				CLANG_WARN_EMPTY_BODY = YES;
				CLANG_WARN_ENUM_CONVERSION = YES;
				CLANG_WARN_INFINITE_RECURSION = YES;
				CLANG_WARN_INT_CONVERSION = YES;
				CLANG_WARN_NON_LITERAL_NULL_CONVERSION = YES;
				CLANG_WARN_OBJC_IMPLICIT_RETAIN_SELF = YES;
				CLANG_WARN_OBJC_LITERAL_CONVERSION = YES;
				CLANG_WARN_OBJC_ROOT_CLASS = YES_ERROR;
				CLANG_WARN_QUOTED_INCLUDE_IN_FRAMEWORK_HEADER = YES;
				CLANG_WARN_RANGE_LOOP_ANALYSIS = YES;
				CLANG_WARN_STRICT_PROTOTYPES = YES;
				CLANG_WARN_SUSPICIOUS_MOVE = YES;
				CLANG_WARN_UNGUARDED_AVAILABILITY = YES_AGGRESSIVE;
				CLANG_WARN_UNREACHABLE_CODE = YES;
				CLANG_WARN__DUPLICATE_METHOD_MATCH = YES;
				COPY_PHASE_STRIP = NO;
				DEBUG_INFORMATION_FORMAT = dwarf;
				ENABLE_STRICT_OBJC_MSGSEND = YES;
				ENABLE_TESTABILITY = YES;
				GCC_C_LANGUAGE_STANDARD = gnu11;
				GCC_DYNAMIC_NO_PIC = NO;
				GCC_NO_COMMON_BLOCKS = YES;
				GCC_OPTIMIZATION_LEVEL = 0;
				GCC_PREPROCESSOR_DEFINITIONS = (
					"DEBUG=1",
					"$(inherited)",
				);
				GCC_WARN_64_TO_32_BIT_CONVERSION = YES;
				GCC_WARN_ABOUT_RETURN_TYPE = YES_ERROR;
				GCC_WARN_UNDECLARED_SELECTOR = YES;
				GCC_WARN_UNINITIALIZED_AUTOS = YES_AGGRESSIVE;
				GCC_WARN_UNUSED_FUNCTION = YES;
				GCC_WARN_UNUSED_VARIABLE = YES;
				IPHONEOS_DEPLOYMENT_TARGET = 15.0;
				MTL_ENABLE_DEBUG_INFO = INCLUDE_SOURCE;
				MTL_FAST_MATH = YES;
				ONLY_ACTIVE_ARCH = YES;
				SDKROOT = iphoneos;
				SWIFT_ACTIVE_COMPILATION_CONDITIONS = DEBUG;
				SWIFT_OPTIMIZATION_LEVEL = "-Onone";
			};
			name = Debug;
		};
		8EB4877B282F6CA800270CF6 /* Release */ = {
			isa = XCBuildConfiguration;
			buildSettings = {
				ALWAYS_SEARCH_USER_PATHS = NO;
				CLANG_ANALYZER_NONNULL = YES;
				CLANG_ANALYZER_NUMBER_OBJECT_CONVERSION = YES_AGGRESSIVE;
				CLANG_CXX_LANGUAGE_STANDARD = "gnu++17";
				CLANG_CXX_LIBRARY = "libc++";
				CLANG_ENABLE_MODULES = YES;
				CLANG_ENABLE_OBJC_ARC = YES;
				CLANG_ENABLE_OBJC_WEAK = YES;
				CLANG_WARN_BLOCK_CAPTURE_AUTORELEASING = YES;
				CLANG_WARN_BOOL_CONVERSION = YES;
				CLANG_WARN_COMMA = YES;
				CLANG_WARN_CONSTANT_CONVERSION = YES;
				CLANG_WARN_DEPRECATED_OBJC_IMPLEMENTATIONS = YES;
				CLANG_WARN_DIRECT_OBJC_ISA_USAGE = YES_ERROR;
				CLANG_WARN_DOCUMENTATION_COMMENTS = YES;
				CLANG_WARN_EMPTY_BODY = YES;
				CLANG_WARN_ENUM_CONVERSION = YES;
				CLANG_WARN_INFINITE_RECURSION = YES;
				CLANG_WARN_INT_CONVERSION = YES;
				CLANG_WARN_NON_LITERAL_NULL_CONVERSION = YES;
				CLANG_WARN_OBJC_IMPLICIT_RETAIN_SELF = YES;
				CLANG_WARN_OBJC_LITERAL_CONVERSION = YES;
				CLANG_WARN_OBJC_ROOT_CLASS = YES_ERROR;
				CLANG_WARN_QUOTED_INCLUDE_IN_FRAMEWORK_HEADER = YES;
				CLANG_WARN_RANGE_LOOP_ANALYSIS = YES;
				CLANG_WARN_STRICT_PROTOTYPES = YES;
				CLANG_WARN_SUSPICIOUS_MOVE = YES;
				CLANG_WARN_UNGUARDED_AVAILABILITY = YES_AGGRESSIVE;
				CLANG_WARN_UNREACHABLE_CODE = YES;
				CLANG_WARN__DUPLICATE_METHOD_MATCH = YES;
				COPY_PHASE_STRIP = NO;
				DEBUG_INFORMATION_FORMAT = "dwarf-with-dsym";
				ENABLE_NS_ASSERTIONS = NO;
				ENABLE_STRICT_OBJC_MSGSEND = YES;
				GCC_C_LANGUAGE_STANDARD = gnu11;
				GCC_NO_COMMON_BLOCKS = YES;
				GCC_WARN_64_TO_32_BIT_CONVERSION = YES;
				GCC_WARN_ABOUT_RETURN_TYPE = YES_ERROR;
				GCC_WARN_UNDECLARED_SELECTOR = YES;
				GCC_WARN_UNINITIALIZED_AUTOS = YES_AGGRESSIVE;
				GCC_WARN_UNUSED_FUNCTION = YES;
				GCC_WARN_UNUSED_VARIABLE = YES;
				IPHONEOS_DEPLOYMENT_TARGET = 15.0;
				MTL_ENABLE_DEBUG_INFO = NO;
				MTL_FAST_MATH = YES;
				SDKROOT = iphoneos;
				SWIFT_COMPILATION_MODE = wholemodule;
				SWIFT_OPTIMIZATION_LEVEL = "-O";
				VALIDATE_PRODUCT = YES;
			};
			name = Release;
		};
		8EB4877D282F6CA800270CF6 /* Debug */ = {
			isa = XCBuildConfiguration;
			buildSettings = {
				ASSETCATALOG_COMPILER_APPICON_NAME = AppIcon;
				ASSETCATALOG_COMPILER_GLOBAL_ACCENT_COLOR_NAME = AccentColor;
				CODE_SIGN_STYLE = Automatic;
				CURRENT_PROJECT_VERSION = 1;
				DEVELOPMENT_TEAM = YQ88N3YLMB;
				GENERATE_INFOPLIST_FILE = YES;
				INFOPLIST_FILE = HotCoffee/Info.plist;
				INFOPLIST_KEY_UIApplicationSupportsIndirectInputEvents = YES;
				INFOPLIST_KEY_UILaunchStoryboardName = LaunchScreen;
				INFOPLIST_KEY_UIMainStoryboardFile = Main;
				INFOPLIST_KEY_UISupportedInterfaceOrientations_iPad = "UIInterfaceOrientationPortrait UIInterfaceOrientationPortraitUpsideDown UIInterfaceOrientationLandscapeLeft UIInterfaceOrientationLandscapeRight";
				INFOPLIST_KEY_UISupportedInterfaceOrientations_iPhone = "UIInterfaceOrientationPortrait UIInterfaceOrientationLandscapeLeft UIInterfaceOrientationLandscapeRight";
				LD_RUNPATH_SEARCH_PATHS = (
					"$(inherited)",
					"@executable_path/Frameworks",
				);
				MARKETING_VERSION = 1.0;
				PRODUCT_BUNDLE_IDENTIFIER = dev.sean.HotCoffee;
				PRODUCT_NAME = "$(TARGET_NAME)";
				SWIFT_EMIT_LOC_STRINGS = YES;
				SWIFT_VERSION = 5.0;
				TARGETED_DEVICE_FAMILY = "1,2";
			};
			name = Debug;
		};
		8EB4877E282F6CA800270CF6 /* Release */ = {
			isa = XCBuildConfiguration;
			buildSettings = {
				ASSETCATALOG_COMPILER_APPICON_NAME = AppIcon;
				ASSETCATALOG_COMPILER_GLOBAL_ACCENT_COLOR_NAME = AccentColor;
				CODE_SIGN_STYLE = Automatic;
				CURRENT_PROJECT_VERSION = 1;
				DEVELOPMENT_TEAM = YQ88N3YLMB;
				GENERATE_INFOPLIST_FILE = YES;
				INFOPLIST_FILE = HotCoffee/Info.plist;
				INFOPLIST_KEY_UIApplicationSupportsIndirectInputEvents = YES;
				INFOPLIST_KEY_UILaunchStoryboardName = LaunchScreen;
				INFOPLIST_KEY_UIMainStoryboardFile = Main;
				INFOPLIST_KEY_UISupportedInterfaceOrientations_iPad = "UIInterfaceOrientationPortrait UIInterfaceOrientationPortraitUpsideDown UIInterfaceOrientationLandscapeLeft UIInterfaceOrientationLandscapeRight";
				INFOPLIST_KEY_UISupportedInterfaceOrientations_iPhone = "UIInterfaceOrientationPortrait UIInterfaceOrientationLandscapeLeft UIInterfaceOrientationLandscapeRight";
				LD_RUNPATH_SEARCH_PATHS = (
					"$(inherited)",
					"@executable_path/Frameworks",
				);
				MARKETING_VERSION = 1.0;
				PRODUCT_BUNDLE_IDENTIFIER = dev.sean.HotCoffee;
				PRODUCT_NAME = "$(TARGET_NAME)";
				SWIFT_EMIT_LOC_STRINGS = YES;
				SWIFT_VERSION = 5.0;
				TARGETED_DEVICE_FAMILY = "1,2";
			};
			name = Release;
		};
		8EB48780282F6CA800270CF6 /* Debug */ = {
			isa = XCBuildConfiguration;
			buildSettings = {
				ALWAYS_EMBED_SWIFT_STANDARD_LIBRARIES = YES;
				BUNDLE_LOADER = "$(TEST_HOST)";
				CODE_SIGN_STYLE = Automatic;
				CURRENT_PROJECT_VERSION = 1;
				DEVELOPMENT_TEAM = YQ88N3YLMB;
				GENERATE_INFOPLIST_FILE = YES;
				IPHONEOS_DEPLOYMENT_TARGET = 15.0;
				LD_RUNPATH_SEARCH_PATHS = (
					"$(inherited)",
					"@executable_path/Frameworks",
					"@loader_path/Frameworks",
				);
				MARKETING_VERSION = 1.0;
				PRODUCT_BUNDLE_IDENTIFIER = dev.sean.HotCoffeeTests;
				PRODUCT_NAME = "$(TARGET_NAME)";
				SWIFT_EMIT_LOC_STRINGS = NO;
				SWIFT_VERSION = 5.0;
				TARGETED_DEVICE_FAMILY = "1,2";
				TEST_HOST = "$(BUILT_PRODUCTS_DIR)/HotCoffee.app/HotCoffee";
			};
			name = Debug;
		};
		8EB48781282F6CA800270CF6 /* Release */ = {
			isa = XCBuildConfiguration;
			buildSettings = {
				ALWAYS_EMBED_SWIFT_STANDARD_LIBRARIES = YES;
				BUNDLE_LOADER = "$(TEST_HOST)";
				CODE_SIGN_STYLE = Automatic;
				CURRENT_PROJECT_VERSION = 1;
				DEVELOPMENT_TEAM = YQ88N3YLMB;
				GENERATE_INFOPLIST_FILE = YES;
				IPHONEOS_DEPLOYMENT_TARGET = 15.0;
				LD_RUNPATH_SEARCH_PATHS = (
					"$(inherited)",
					"@executable_path/Frameworks",
					"@loader_path/Frameworks",
				);
				MARKETING_VERSION = 1.0;
				PRODUCT_BUNDLE_IDENTIFIER = dev.sean.HotCoffeeTests;
				PRODUCT_NAME = "$(TARGET_NAME)";
				SWIFT_EMIT_LOC_STRINGS = NO;
				SWIFT_VERSION = 5.0;
				TARGETED_DEVICE_FAMILY = "1,2";
				TEST_HOST = "$(BUILT_PRODUCTS_DIR)/HotCoffee.app/HotCoffee";
			};
			name = Release;
		};
		8EB48783282F6CA800270CF6 /* Debug */ = {
			isa = XCBuildConfiguration;
			buildSettings = {
				ALWAYS_EMBED_SWIFT_STANDARD_LIBRARIES = YES;
				CODE_SIGN_STYLE = Automatic;
				CURRENT_PROJECT_VERSION = 1;
				DEVELOPMENT_TEAM = YQ88N3YLMB;
				GENERATE_INFOPLIST_FILE = YES;
				LD_RUNPATH_SEARCH_PATHS = (
					"$(inherited)",
					"@executable_path/Frameworks",
					"@loader_path/Frameworks",
				);
				MARKETING_VERSION = 1.0;
				PRODUCT_BUNDLE_IDENTIFIER = dev.sean.HotCoffeeUITests;
				PRODUCT_NAME = "$(TARGET_NAME)";
				SWIFT_EMIT_LOC_STRINGS = NO;
				SWIFT_VERSION = 5.0;
				TARGETED_DEVICE_FAMILY = "1,2";
				TEST_TARGET_NAME = HotCoffee;
			};
			name = Debug;
		};
		8EB48784282F6CA800270CF6 /* Release */ = {
			isa = XCBuildConfiguration;
			buildSettings = {
				ALWAYS_EMBED_SWIFT_STANDARD_LIBRARIES = YES;
				CODE_SIGN_STYLE = Automatic;
				CURRENT_PROJECT_VERSION = 1;
				DEVELOPMENT_TEAM = YQ88N3YLMB;
				GENERATE_INFOPLIST_FILE = YES;
				LD_RUNPATH_SEARCH_PATHS = (
					"$(inherited)",
					"@executable_path/Frameworks",
					"@loader_path/Frameworks",
				);
				MARKETING_VERSION = 1.0;
				PRODUCT_BUNDLE_IDENTIFIER = dev.sean.HotCoffeeUITests;
				PRODUCT_NAME = "$(TARGET_NAME)";
				SWIFT_EMIT_LOC_STRINGS = NO;
				SWIFT_VERSION = 5.0;
				TARGETED_DEVICE_FAMILY = "1,2";
				TEST_TARGET_NAME = HotCoffee;
			};
			name = Release;
		};
/* End XCBuildConfiguration section */

/* Begin XCConfigurationList section */
		8EB4874D282F6C9E00270CF6 /* Build configuration list for PBXProject "HotCoffee" */ = {
			isa = XCConfigurationList;
			buildConfigurations = (
				8EB4877A282F6CA800270CF6 /* Debug */,
				8EB4877B282F6CA800270CF6 /* Release */,
			);
			defaultConfigurationIsVisible = 0;
			defaultConfigurationName = Release;
		};
		8EB4877C282F6CA800270CF6 /* Build configuration list for PBXNativeTarget "HotCoffee" */ = {
			isa = XCConfigurationList;
			buildConfigurations = (
				8EB4877D282F6CA800270CF6 /* Debug */,
				8EB4877E282F6CA800270CF6 /* Release */,
			);
			defaultConfigurationIsVisible = 0;
			defaultConfigurationName = Release;
		};
		8EB4877F282F6CA800270CF6 /* Build configuration list for PBXNativeTarget "HotCoffeeTests" */ = {
			isa = XCConfigurationList;
			buildConfigurations = (
				8EB48780282F6CA800270CF6 /* Debug */,
				8EB48781282F6CA800270CF6 /* Release */,
			);
			defaultConfigurationIsVisible = 0;
			defaultConfigurationName = Release;
		};
		8EB48782282F6CA800270CF6 /* Build configuration list for PBXNativeTarget "HotCoffeeUITests" */ = {
			isa = XCConfigurationList;
			buildConfigurations = (
				8EB48783282F6CA800270CF6 /* Debug */,
				8EB48784282F6CA800270CF6 /* Release */,
			);
			defaultConfigurationIsVisible = 0;
			defaultConfigurationName = Release;
		};
/* End XCConfigurationList section */
	};
	rootObject = 8EB4874A282F6C9E00270CF6 /* Project object */;
}
